# THIS IS AN AUTOGENERATED FILE. DO NOT EDIT THIS FILE DIRECTLY.
# yarn lockfile v1


mri@^1.1.5:
  version "1.2.0"
  resolved "https://registry.yarnpkg.com/mri/-/mri-1.2.0.tgz#6721480fec2a11a4889861115a48b6cbe7cc8f0b"
  integrity sha512-tzzskb3bG8LvYGFF/mDTpq3jpI6Q9wc3LEmBaghu+DdCssd1FakN7Bc0hVNmEyGq1bq3RgfkCb3cmQLpNPOroA==

watchlist@^0.3.1:
  version "0.3.1"
  resolved "https://registry.yarnpkg.com/watchlist/-/watchlist-0.3.1.tgz#23926d0de73634bdf41536526d10f69130199156"
  integrity sha512-m5r4bzxJ9eg07TT/O0Q49imFPD45ZTuQ3kaHwSpUJj1QwVd3pzit4UYOmySdmAP5Egkz6mB6hcAPuPfhIbNo0g==
  dependencies:
    mri "^1.1.5"
